// !$*UTF8*$!
{
	archiveVersion = 1;
	classes = {
	};
	objectVersion = 56;
	objects = {

/* Begin PBXBuildFile section */
		1033B76D2B1A52950063EFA1 /* AppDelegate.swift in Sources */ = {isa = PBXBuildFile; fileRef = 1033B76C2B1A52950063EFA1 /* AppDelegate.swift */; };
		1033B76F2B1A52950063EFA1 /* SceneDelegate.swift in Sources */ = {isa = PBXBuildFile; fileRef = 1033B76E2B1A52950063EFA1 /* SceneDelegate.swift */; };
		1033B7712B1A52950063EFA1 /* PostListViewController.swift in Sources */ = {isa = PBXBuildFile; fileRef = 1033B7702B1A52950063EFA1 /* PostListViewController.swift */; };
		1033B7742B1A52950063EFA1 /* Main.storyboard in Resources */ = {isa = PBXBuildFile; fileRef = 1033B7722B1A52950063EFA1 /* Main.storyboard */; };
		1033B7762B1A52950063EFA1 /* Assets.xcassets in Resources */ = {isa = PBXBuildFile; fileRef = 1033B7752B1A52950063EFA1 /* Assets.xcassets */; };
		1033B7792B1A52950063EFA1 /* LaunchScreen.storyboard in Resources */ = {isa = PBXBuildFile; fileRef = 1033B7772B1A52950063EFA1 /* LaunchScreen.storyboard */; };
		1033B7832B1A53060063EFA1 /* CoreData.swift in Sources */ = {isa = PBXBuildFile; fileRef = 1033B7822B1A53060063EFA1 /* CoreData.swift */; };
		1033B7862B1A532B0063EFA1 /* Log.swift in Sources */ = {isa = PBXBuildFile; fileRef = 1033B7852B1A532B0063EFA1 /* Log.swift */; };
		1033B7882B1A53530063EFA1 /* PostStorage.swift in Sources */ = {isa = PBXBuildFile; fileRef = 1033B7872B1A53530063EFA1 /* PostStorage.swift */; };
		1033B78A2B1A536D0063EFA1 /* Extensions.swift in Sources */ = {isa = PBXBuildFile; fileRef = 1033B7892B1A536D0063EFA1 /* Extensions.swift */; };
		1033B78F2B1A53CA0063EFA1 /* Model.xcdatamodeld in Sources */ = {isa = PBXBuildFile; fileRef = 1033B78D2B1A53CA0063EFA1 /* Model.xcdatamodeld */; };
		1033B7962B1A67D20063EFA1 /* Model.swift in Sources */ = {isa = PBXBuildFile; fileRef = 1033B7952B1A67D20063EFA1 /* Model.swift */; };
		1033B79B2B1A68BE0063EFA1 /* PostCell.swift in Sources */ = {isa = PBXBuildFile; fileRef = 1033B7992B1A68BE0063EFA1 /* PostCell.swift */; };
		1033B79C2B1A68BE0063EFA1 /* PostCell.xib in Resources */ = {isa = PBXBuildFile; fileRef = 1033B79A2B1A68BE0063EFA1 /* PostCell.xib */; };
		1033B79E2B1A6AB60063EFA1 /* PostListViewModel.swift in Sources */ = {isa = PBXBuildFile; fileRef = 1033B79D2B1A6AB60063EFA1 /* PostListViewModel.swift */; };
		1033B7A12B1A6B2E0063EFA1 /* PostService.swift in Sources */ = {isa = PBXBuildFile; fileRef = 1033B7A02B1A6B2E0063EFA1 /* PostService.swift */; };
		109BCFEB2B1B30CF00647B18 /* PostDetailViewController.swift in Sources */ = {isa = PBXBuildFile; fileRef = 109BCFEA2B1B30CF00647B18 /* PostDetailViewController.swift */; };
		109BCFED2B1B30D900647B18 /* PostDetailViewModel.swift in Sources */ = {isa = PBXBuildFile; fileRef = 109BCFEC2B1B30D900647B18 /* PostDetailViewModel.swift */; };
		109BCFEF2B1B324F00647B18 /* ListViewController.swift in Sources */ = {isa = PBXBuildFile; fileRef = 109BCFEE2B1B324F00647B18 /* ListViewController.swift */; };
		109BCFF22B1B32E500647B18 /* GrowingTableViewCellProtocol.swift in Sources */ = {isa = PBXBuildFile; fileRef = 109BCFF12B1B32E500647B18 /* GrowingTableViewCellProtocol.swift */; };
		109BCFF52B1B390B00647B18 /* EditSection.swift in Sources */ = {isa = PBXBuildFile; fileRef = 109BCFF32B1B390B00647B18 /* EditSection.swift */; };
		109BCFF62B1B390B00647B18 /* EditRow.swift in Sources */ = {isa = PBXBuildFile; fileRef = 109BCFF42B1B390B00647B18 /* EditRow.swift */; };
		109BCFFA2B1B39F800647B18 /* EditTextCell.xib in Resources */ = {isa = PBXBuildFile; fileRef = 109BCFF82B1B39F800647B18 /* EditTextCell.xib */; };
		109BCFFB2B1B39F800647B18 /* EditTextCell.swift in Sources */ = {isa = PBXBuildFile; fileRef = 109BCFF92B1B39F800647B18 /* EditTextCell.swift */; };
		10E9F0372B1B0B7E007A614C /* CDPost + Extensions.swift in Sources */ = {isa = PBXBuildFile; fileRef = 10E9F0362B1B0B7E007A614C /* CDPost + Extensions.swift */; };
		10E9F0392B1B1E7C007A614C /* PostData.swift in Sources */ = {isa = PBXBuildFile; fileRef = 10E9F0382B1B1E7C007A614C /* PostData.swift */; };
		10E9F03C2B1B1F74007A614C /* UserListViewController.swift in Sources */ = {isa = PBXBuildFile; fileRef = 10E9F03B2B1B1F74007A614C /* UserListViewController.swift */; };
		10E9F03E2B1B1F8D007A614C /* UserListViewModel.swift in Sources */ = {isa = PBXBuildFile; fileRef = 10E9F03D2B1B1F8D007A614C /* UserListViewModel.swift */; };
		10E9F0402B1B1FC4007A614C /* UserService.swift in Sources */ = {isa = PBXBuildFile; fileRef = 10E9F03F2B1B1FC4007A614C /* UserService.swift */; };
		10E9F0422B1B1FDB007A614C /* UserData.swift in Sources */ = {isa = PBXBuildFile; fileRef = 10E9F0412B1B1FDB007A614C /* UserData.swift */; };
		10E9F0442B1B204B007A614C /* UserStorage.swift in Sources */ = {isa = PBXBuildFile; fileRef = 10E9F0432B1B204B007A614C /* UserStorage.swift */; };
		10E9F0492B1B2167007A614C /* UserCell.swift in Sources */ = {isa = PBXBuildFile; fileRef = 10E9F0472B1B2167007A614C /* UserCell.swift */; };
		10E9F04A2B1B2168007A614C /* UserCell.xib in Resources */ = {isa = PBXBuildFile; fileRef = 10E9F0482B1B2167007A614C /* UserCell.xib */; };
		10E9F04C2B1B21CF007A614C /* CDUser + Extensions.swift in Sources */ = {isa = PBXBuildFile; fileRef = 10E9F04B2B1B21CF007A614C /* CDUser + Extensions.swift */; };
/* End PBXBuildFile section */

/* Begin PBXFileReference section */
		1033B7692B1A52950063EFA1 /* CoreDataRules.app */ = {isa = PBXFileReference; explicitFileType = wrapper.application; includeInIndex = 0; path = CoreDataRules.app; sourceTree = BUILT_PRODUCTS_DIR; };
		1033B76C2B1A52950063EFA1 /* AppDelegate.swift */ = {isa = PBXFileReference; lastKnownFileType = sourcecode.swift; path = AppDelegate.swift; sourceTree = "<group>"; };
		1033B76E2B1A52950063EFA1 /* SceneDelegate.swift */ = {isa = PBXFileReference; lastKnownFileType = sourcecode.swift; path = SceneDelegate.swift; sourceTree = "<group>"; };
		1033B7702B1A52950063EFA1 /* PostListViewController.swift */ = {isa = PBXFileReference; lastKnownFileType = sourcecode.swift; path = PostListViewController.swift; sourceTree = "<group>"; };
		1033B7732B1A52950063EFA1 /* Base */ = {isa = PBXFileReference; lastKnownFileType = file.storyboard; name = Base; path = Base.lproj/Main.storyboard; sourceTree = "<group>"; };
		1033B7752B1A52950063EFA1 /* Assets.xcassets */ = {isa = PBXFileReference; lastKnownFileType = folder.assetcatalog; path = Assets.xcassets; sourceTree = "<group>"; };
		1033B7782B1A52950063EFA1 /* Base */ = {isa = PBXFileReference; lastKnownFileType = file.storyboard; name = Base; path = Base.lproj/LaunchScreen.storyboard; sourceTree = "<group>"; };
		1033B77A2B1A52950063EFA1 /* Info.plist */ = {isa = PBXFileReference; lastKnownFileType = text.plist.xml; path = Info.plist; sourceTree = "<group>"; };
		1033B7822B1A53060063EFA1 /* CoreData.swift */ = {isa = PBXFileReference; fileEncoding = 4; lastKnownFileType = sourcecode.swift; path = CoreData.swift; sourceTree = "<group>"; };
		1033B7852B1A532B0063EFA1 /* Log.swift */ = {isa = PBXFileReference; fileEncoding = 4; lastKnownFileType = sourcecode.swift; path = Log.swift; sourceTree = "<group>"; };
		1033B7872B1A53530063EFA1 /* PostStorage.swift */ = {isa = PBXFileReference; fileEncoding = 4; lastKnownFileType = sourcecode.swift; path = PostStorage.swift; sourceTree = "<group>"; };
		1033B7892B1A536D0063EFA1 /* Extensions.swift */ = {isa = PBXFileReference; fileEncoding = 4; lastKnownFileType = sourcecode.swift; path = Extensions.swift; sourceTree = "<group>"; };
		1033B78E2B1A53CA0063EFA1 /* Model.xcdatamodel */ = {isa = PBXFileReference; lastKnownFileType = wrapper.xcdatamodel; path = Model.xcdatamodel; sourceTree = "<group>"; };
		1033B7952B1A67D20063EFA1 /* Model.swift */ = {isa = PBXFileReference; lastKnownFileType = sourcecode.swift; path = Model.swift; sourceTree = "<group>"; };
		1033B7992B1A68BE0063EFA1 /* PostCell.swift */ = {isa = PBXFileReference; lastKnownFileType = sourcecode.swift; path = PostCell.swift; sourceTree = "<group>"; };
		1033B79A2B1A68BE0063EFA1 /* PostCell.xib */ = {isa = PBXFileReference; lastKnownFileType = file.xib; path = PostCell.xib; sourceTree = "<group>"; };
		1033B79D2B1A6AB60063EFA1 /* PostListViewModel.swift */ = {isa = PBXFileReference; lastKnownFileType = sourcecode.swift; path = PostListViewModel.swift; sourceTree = "<group>"; };
		1033B7A02B1A6B2E0063EFA1 /* PostService.swift */ = {isa = PBXFileReference; lastKnownFileType = sourcecode.swift; path = PostService.swift; sourceTree = "<group>"; };
		109BCFEA2B1B30CF00647B18 /* PostDetailViewController.swift */ = {isa = PBXFileReference; lastKnownFileType = sourcecode.swift; path = PostDetailViewController.swift; sourceTree = "<group>"; };
		109BCFEC2B1B30D900647B18 /* PostDetailViewModel.swift */ = {isa = PBXFileReference; lastKnownFileType = sourcecode.swift; path = PostDetailViewModel.swift; sourceTree = "<group>"; };
		109BCFEE2B1B324F00647B18 /* ListViewController.swift */ = {isa = PBXFileReference; fileEncoding = 4; lastKnownFileType = sourcecode.swift; path = ListViewController.swift; sourceTree = "<group>"; };
		109BCFF12B1B32E500647B18 /* GrowingTableViewCellProtocol.swift */ = {isa = PBXFileReference; fileEncoding = 4; lastKnownFileType = sourcecode.swift; path = GrowingTableViewCellProtocol.swift; sourceTree = "<group>"; };
		109BCFF32B1B390B00647B18 /* EditSection.swift */ = {isa = PBXFileReference; fileEncoding = 4; lastKnownFileType = sourcecode.swift; path = EditSection.swift; sourceTree = "<group>"; };
		109BCFF42B1B390B00647B18 /* EditRow.swift */ = {isa = PBXFileReference; fileEncoding = 4; lastKnownFileType = sourcecode.swift; path = EditRow.swift; sourceTree = "<group>"; };
		109BCFF82B1B39F800647B18 /* EditTextCell.xib */ = {isa = PBXFileReference; fileEncoding = 4; lastKnownFileType = file.xib; path = EditTextCell.xib; sourceTree = "<group>"; };
		109BCFF92B1B39F800647B18 /* EditTextCell.swift */ = {isa = PBXFileReference; fileEncoding = 4; lastKnownFileType = sourcecode.swift; path = EditTextCell.swift; sourceTree = "<group>"; };
		10E9F0362B1B0B7E007A614C /* CDPost + Extensions.swift */ = {isa = PBXFileReference; lastKnownFileType = sourcecode.swift; path = "CDPost + Extensions.swift"; sourceTree = "<group>"; };
		10E9F0382B1B1E7C007A614C /* PostData.swift */ = {isa = PBXFileReference; fileEncoding = 4; lastKnownFileType = sourcecode.swift; path = PostData.swift; sourceTree = "<group>"; };
		10E9F03B2B1B1F74007A614C /* UserListViewController.swift */ = {isa = PBXFileReference; lastKnownFileType = sourcecode.swift; path = UserListViewController.swift; sourceTree = "<group>"; };
		10E9F03D2B1B1F8D007A614C /* UserListViewModel.swift */ = {isa = PBXFileReference; lastKnownFileType = sourcecode.swift; path = UserListViewModel.swift; sourceTree = "<group>"; };
		10E9F03F2B1B1FC4007A614C /* UserService.swift */ = {isa = PBXFileReference; lastKnownFileType = sourcecode.swift; path = UserService.swift; sourceTree = "<group>"; };
		10E9F0412B1B1FDB007A614C /* UserData.swift */ = {isa = PBXFileReference; lastKnownFileType = sourcecode.swift; path = UserData.swift; sourceTree = "<group>"; };
		10E9F0432B1B204B007A614C /* UserStorage.swift */ = {isa = PBXFileReference; lastKnownFileType = sourcecode.swift; path = UserStorage.swift; sourceTree = "<group>"; };
		10E9F0472B1B2167007A614C /* UserCell.swift */ = {isa = PBXFileReference; lastKnownFileType = sourcecode.swift; path = UserCell.swift; sourceTree = "<group>"; };
		10E9F0482B1B2167007A614C /* UserCell.xib */ = {isa = PBXFileReference; lastKnownFileType = file.xib; path = UserCell.xib; sourceTree = "<group>"; };
		10E9F04B2B1B21CF007A614C /* CDUser + Extensions.swift */ = {isa = PBXFileReference; lastKnownFileType = sourcecode.swift; path = "CDUser + Extensions.swift"; sourceTree = "<group>"; };
/* End PBXFileReference section */

/* Begin PBXFrameworksBuildPhase section */
		1033B7662B1A52950063EFA1 /* Frameworks */ = {
			isa = PBXFrameworksBuildPhase;
			buildActionMask = 2147483647;
			files = (
			);
			runOnlyForDeploymentPostprocessing = 0;
		};
/* End PBXFrameworksBuildPhase section */

/* Begin PBXGroup section */
		1033B7602B1A52950063EFA1 = {
			isa = PBXGroup;
			children = (
				1033B76B2B1A52950063EFA1 /* CoreDataRules */,
				1033B76A2B1A52950063EFA1 /* Products */,
			);
			sourceTree = "<group>";
		};
		1033B76A2B1A52950063EFA1 /* Products */ = {
			isa = PBXGroup;
			children = (
				1033B7692B1A52950063EFA1 /* CoreDataRules.app */,
			);
			name = Products;
			sourceTree = "<group>";
		};
		1033B76B2B1A52950063EFA1 /* CoreDataRules */ = {
			isa = PBXGroup;
			children = (
				1033B79F2B1A6B210063EFA1 /* Services */,
				1033B78B2B1A537B0063EFA1 /* Model */,
				1033B7842B1A531E0063EFA1 /* Extensions */,
				1033B7812B1A52F20063EFA1 /* CoreData */,
				1033B7802B1A52A90063EFA1 /* Supporting Files */,
				1033B78C2B1A53B30063EFA1 /* View */,
			);
			path = CoreDataRules;
			sourceTree = "<group>";
		};
		1033B7802B1A52A90063EFA1 /* Supporting Files */ = {
			isa = PBXGroup;
			children = (
				1033B76C2B1A52950063EFA1 /* AppDelegate.swift */,
				1033B76E2B1A52950063EFA1 /* SceneDelegate.swift */,
				1033B7722B1A52950063EFA1 /* Main.storyboard */,
				1033B7752B1A52950063EFA1 /* Assets.xcassets */,
				1033B7772B1A52950063EFA1 /* LaunchScreen.storyboard */,
				1033B77A2B1A52950063EFA1 /* Info.plist */,
			);
			path = "Supporting Files";
			sourceTree = "<group>";
		};
		1033B7812B1A52F20063EFA1 /* CoreData */ = {
			isa = PBXGroup;
			children = (
				1033B7822B1A53060063EFA1 /* CoreData.swift */,
				10E9F0362B1B0B7E007A614C /* CDPost + Extensions.swift */,
				10E9F04B2B1B21CF007A614C /* CDUser + Extensions.swift */,
				10E9F0452B1B205C007A614C /* Storage */,
				1033B78D2B1A53CA0063EFA1 /* Model.xcdatamodeld */,
			);
			path = CoreData;
			sourceTree = "<group>";
		};
		1033B7842B1A531E0063EFA1 /* Extensions */ = {
			isa = PBXGroup;
			children = (
				1033B7892B1A536D0063EFA1 /* Extensions.swift */,
			);
			path = Extensions;
			sourceTree = "<group>";
		};
		1033B78B2B1A537B0063EFA1 /* Model */ = {
			isa = PBXGroup;
			children = (
				1033B7852B1A532B0063EFA1 /* Log.swift */,
				1033B7952B1A67D20063EFA1 /* Model.swift */,
				10E9F0382B1B1E7C007A614C /* PostData.swift */,
				10E9F0412B1B1FDB007A614C /* UserData.swift */,
			);
			path = Model;
			sourceTree = "<group>";
		};
		1033B78C2B1A53B30063EFA1 /* View */ = {
			isa = PBXGroup;
			children = (
				109BCFF72B1B391000647B18 /* EditSection */,
				1033B7982B1A68AD0063EFA1 /* Xib */,
				10E9F0462B1B2148007A614C /* ViewController */,
			);
			path = View;
			sourceTree = "<group>";
		};
		1033B7972B1A68A60063EFA1 /* PostListViewController */ = {
			isa = PBXGroup;
			children = (
				1033B79D2B1A6AB60063EFA1 /* PostListViewModel.swift */,
				1033B7702B1A52950063EFA1 /* PostListViewController.swift */,
			);
			path = PostListViewController;
			sourceTree = "<group>";
		};
		1033B7982B1A68AD0063EFA1 /* Xib */ = {
			isa = PBXGroup;
			children = (
				109BCFF92B1B39F800647B18 /* EditTextCell.swift */,
				109BCFF82B1B39F800647B18 /* EditTextCell.xib */,
				1033B7992B1A68BE0063EFA1 /* PostCell.swift */,
				1033B79A2B1A68BE0063EFA1 /* PostCell.xib */,
				10E9F0472B1B2167007A614C /* UserCell.swift */,
				10E9F0482B1B2167007A614C /* UserCell.xib */,
			);
			path = Xib;
			sourceTree = "<group>";
		};
		1033B79F2B1A6B210063EFA1 /* Services */ = {
			isa = PBXGroup;
			children = (
				1033B7A02B1A6B2E0063EFA1 /* PostService.swift */,
				10E9F03F2B1B1FC4007A614C /* UserService.swift */,
			);
			path = Services;
			sourceTree = "<group>";
		};
		109BCFE92B1B306500647B18 /* PostDetailViewController */ = {
			isa = PBXGroup;
			children = (
				109BCFEC2B1B30D900647B18 /* PostDetailViewModel.swift */,
				109BCFEA2B1B30CF00647B18 /* PostDetailViewController.swift */,
			);
			path = PostDetailViewController;
			sourceTree = "<group>";
		};
		109BCFF02B1B325400647B18 /* ListViewController */ = {
			isa = PBXGroup;
			children = (
				109BCFF12B1B32E500647B18 /* GrowingTableViewCellProtocol.swift */,
				109BCFEE2B1B324F00647B18 /* ListViewController.swift */,
			);
			path = ListViewController;
			sourceTree = "<group>";
		};
		109BCFF72B1B391000647B18 /* EditSection */ = {
			isa = PBXGroup;
			children = (
				109BCFF32B1B390B00647B18 /* EditSection.swift */,
				109BCFF42B1B390B00647B18 /* EditRow.swift */,
			);
			path = EditSection;
			sourceTree = "<group>";
		};
		10E9F03A2B1B1F65007A614C /* UserListViewController */ = {
			isa = PBXGroup;
			children = (
				10E9F03D2B1B1F8D007A614C /* UserListViewModel.swift */,
				10E9F03B2B1B1F74007A614C /* UserListViewController.swift */,
			);
			path = UserListViewController;
			sourceTree = "<group>";
		};
		10E9F0452B1B205C007A614C /* Storage */ = {
			isa = PBXGroup;
			children = (
				1033B7872B1A53530063EFA1 /* PostStorage.swift */,
				10E9F0432B1B204B007A614C /* UserStorage.swift */,
			);
			path = Storage;
			sourceTree = "<group>";
		};
		10E9F0462B1B2148007A614C /* ViewController */ = {
			isa = PBXGroup;
			children = (
				109BCFF02B1B325400647B18 /* ListViewController */,
				10E9F03A2B1B1F65007A614C /* UserListViewController */,
				109BCFE92B1B306500647B18 /* PostDetailViewController */,
				1033B7972B1A68A60063EFA1 /* PostListViewController */,
			);
			path = ViewController;
			sourceTree = "<group>";
		};
/* End PBXGroup section */

/* Begin PBXNativeTarget section */
		1033B7682B1A52950063EFA1 /* CoreDataRules */ = {
			isa = PBXNativeTarget;
			buildConfigurationList = 1033B77D2B1A52950063EFA1 /* Build configuration list for PBXNativeTarget "CoreDataRules" */;
			buildPhases = (
				1033B7652B1A52950063EFA1 /* Sources */,
				1033B7662B1A52950063EFA1 /* Frameworks */,
				1033B7672B1A52950063EFA1 /* Resources */,
			);
			buildRules = (
			);
			dependencies = (
			);
			name = CoreDataRules;
			productName = CoreDataRules;
			productReference = 1033B7692B1A52950063EFA1 /* CoreDataRules.app */;
			productType = "com.apple.product-type.application";
		};
/* End PBXNativeTarget section */

/* Begin PBXProject section */
		1033B7612B1A52950063EFA1 /* Project object */ = {
			isa = PBXProject;
			attributes = {
				BuildIndependentTargetsInParallel = 1;
				LastSwiftUpdateCheck = 1420;
				LastUpgradeCheck = 1420;
				TargetAttributes = {
					1033B7682B1A52950063EFA1 = {
						CreatedOnToolsVersion = 14.2;
					};
				};
			};
			buildConfigurationList = 1033B7642B1A52950063EFA1 /* Build configuration list for PBXProject "CoreDataRules" */;
			compatibilityVersion = "Xcode 14.0";
			developmentRegion = en;
			hasScannedForEncodings = 0;
			knownRegions = (
				en,
				Base,
			);
			mainGroup = 1033B7602B1A52950063EFA1;
			productRefGroup = 1033B76A2B1A52950063EFA1 /* Products */;
			projectDirPath = "";
			projectRoot = "";
			targets = (
				1033B7682B1A52950063EFA1 /* CoreDataRules */,
			);
		};
/* End PBXProject section */

/* Begin PBXResourcesBuildPhase section */
		1033B7672B1A52950063EFA1 /* Resources */ = {
			isa = PBXResourcesBuildPhase;
			buildActionMask = 2147483647;
			files = (
				1033B7792B1A52950063EFA1 /* LaunchScreen.storyboard in Resources */,
				1033B7762B1A52950063EFA1 /* Assets.xcassets in Resources */,
				109BCFFA2B1B39F800647B18 /* EditTextCell.xib in Resources */,
				1033B7742B1A52950063EFA1 /* Main.storyboard in Resources */,
				1033B79C2B1A68BE0063EFA1 /* PostCell.xib in Resources */,
				10E9F04A2B1B2168007A614C /* UserCell.xib in Resources */,
			);
			runOnlyForDeploymentPostprocessing = 0;
		};
/* End PBXResourcesBuildPhase section */

/* Begin PBXSourcesBuildPhase section */
		1033B7652B1A52950063EFA1 /* Sources */ = {
			isa = PBXSourcesBuildPhase;
			buildActionMask = 2147483647;
			files = (
				1033B7832B1A53060063EFA1 /* CoreData.swift in Sources */,
				1033B79E2B1A6AB60063EFA1 /* PostListViewModel.swift in Sources */,
				1033B7712B1A52950063EFA1 /* PostListViewController.swift in Sources */,
				109BCFEB2B1B30CF00647B18 /* PostDetailViewController.swift in Sources */,
				109BCFFB2B1B39F800647B18 /* EditTextCell.swift in Sources */,
				10E9F03E2B1B1F8D007A614C /* UserListViewModel.swift in Sources */,
				10E9F0442B1B204B007A614C /* UserStorage.swift in Sources */,
				1033B7862B1A532B0063EFA1 /* Log.swift in Sources */,
				1033B78F2B1A53CA0063EFA1 /* Model.xcdatamodeld in Sources */,
				10E9F0402B1B1FC4007A614C /* UserService.swift in Sources */,
				109BCFF52B1B390B00647B18 /* EditSection.swift in Sources */,
				10E9F0492B1B2167007A614C /* UserCell.swift in Sources */,
				10E9F03C2B1B1F74007A614C /* UserListViewController.swift in Sources */,
				10E9F0392B1B1E7C007A614C /* PostData.swift in Sources */,
				1033B7962B1A67D20063EFA1 /* Model.swift in Sources */,
				109BCFF22B1B32E500647B18 /* GrowingTableViewCellProtocol.swift in Sources */,
				1033B76D2B1A52950063EFA1 /* AppDelegate.swift in Sources */,
				109BCFF62B1B390B00647B18 /* EditRow.swift in Sources */,
				109BCFEF2B1B324F00647B18 /* ListViewController.swift in Sources */,
				10E9F0372B1B0B7E007A614C /* CDPost + Extensions.swift in Sources */,
				10E9F0422B1B1FDB007A614C /* UserData.swift in Sources */,
				1033B76F2B1A52950063EFA1 /* SceneDelegate.swift in Sources */,
				109BCFED2B1B30D900647B18 /* PostDetailViewModel.swift in Sources */,
				10E9F04C2B1B21CF007A614C /* CDUser + Extensions.swift in Sources */,
				1033B79B2B1A68BE0063EFA1 /* PostCell.swift in Sources */,
				1033B7A12B1A6B2E0063EFA1 /* PostService.swift in Sources */,
				1033B7882B1A53530063EFA1 /* PostStorage.swift in Sources */,
				1033B78A2B1A536D0063EFA1 /* Extensions.swift in Sources */,
			);
			runOnlyForDeploymentPostprocessing = 0;
		};
/* End PBXSourcesBuildPhase section */

/* Begin PBXVariantGroup section */
		1033B7722B1A52950063EFA1 /* Main.storyboard */ = {
			isa = PBXVariantGroup;
			children = (
				1033B7732B1A52950063EFA1 /* Base */,
			);
			name = Main.storyboard;
			sourceTree = "<group>";
		};
		1033B7772B1A52950063EFA1 /* LaunchScreen.storyboard */ = {
			isa = PBXVariantGroup;
			children = (
				1033B7782B1A52950063EFA1 /* Base */,
			);
			name = LaunchScreen.storyboard;
			sourceTree = "<group>";
		};
/* End PBXVariantGroup section */

/* Begin XCBuildConfiguration section */
		1033B77B2B1A52950063EFA1 /* Debug */ = {
			isa = XCBuildConfiguration;
			buildSettings = {
				ALWAYS_SEARCH_USER_PATHS = NO;
				CLANG_ANALYZER_NONNULL = YES;
				CLANG_ANALYZER_NUMBER_OBJECT_CONVERSION = YES_AGGRESSIVE;
				CLANG_CXX_LANGUAGE_STANDARD = "gnu++20";
				CLANG_ENABLE_MODULES = YES;
				CLANG_ENABLE_OBJC_ARC = YES;
				CLANG_ENABLE_OBJC_WEAK = YES;
				CLANG_WARN_BLOCK_CAPTURE_AUTORELEASING = YES;
				CLANG_WARN_BOOL_CONVERSION = YES;
				CLANG_WARN_COMMA = YES;
				CLANG_WARN_CONSTANT_CONVERSION = YES;
				CLANG_WARN_DEPRECATED_OBJC_IMPLEMENTATIONS = YES;
				CLANG_WARN_DIRECT_OBJC_ISA_USAGE = YES_ERROR;
				CLANG_WARN_DOCUMENTATION_COMMENTS = YES;
				CLANG_WARN_EMPTY_BODY = YES;
				CLANG_WARN_ENUM_CONVERSION = YES;
				CLANG_WARN_INFINITE_RECURSION = YES;
				CLANG_WARN_INT_CONVERSION = YES;
				CLANG_WARN_NON_LITERAL_NULL_CONVERSION = YES;
				CLANG_WARN_OBJC_IMPLICIT_RETAIN_SELF = YES;
				CLANG_WARN_OBJC_LITERAL_CONVERSION = YES;
				CLANG_WARN_OBJC_ROOT_CLASS = YES_ERROR;
				CLANG_WARN_QUOTED_INCLUDE_IN_FRAMEWORK_HEADER = YES;
				CLANG_WARN_RANGE_LOOP_ANALYSIS = YES;
				CLANG_WARN_STRICT_PROTOTYPES = YES;
				CLANG_WARN_SUSPICIOUS_MOVE = YES;
				CLANG_WARN_UNGUARDED_AVAILABILITY = YES_AGGRESSIVE;
				CLANG_WARN_UNREACHABLE_CODE = YES;
				CLANG_WARN__DUPLICATE_METHOD_MATCH = YES;
				COPY_PHASE_STRIP = NO;
				DEBUG_INFORMATION_FORMAT = dwarf;
				ENABLE_STRICT_OBJC_MSGSEND = YES;
				ENABLE_TESTABILITY = YES;
				GCC_C_LANGUAGE_STANDARD = gnu11;
				GCC_DYNAMIC_NO_PIC = NO;
				GCC_NO_COMMON_BLOCKS = YES;
				GCC_OPTIMIZATION_LEVEL = 0;
				GCC_PREPROCESSOR_DEFINITIONS = (
					"DEBUG=1",
					"$(inherited)",
				);
				GCC_WARN_64_TO_32_BIT_CONVERSION = YES;
				GCC_WARN_ABOUT_RETURN_TYPE = YES_ERROR;
				GCC_WARN_UNDECLARED_SELECTOR = YES;
				GCC_WARN_UNINITIALIZED_AUTOS = YES_AGGRESSIVE;
				GCC_WARN_UNUSED_FUNCTION = YES;
				GCC_WARN_UNUSED_VARIABLE = YES;
				IPHONEOS_DEPLOYMENT_TARGET = 16.2;
				MTL_ENABLE_DEBUG_INFO = INCLUDE_SOURCE;
				MTL_FAST_MATH = YES;
				ONLY_ACTIVE_ARCH = YES;
				SDKROOT = iphoneos;
				SWIFT_ACTIVE_COMPILATION_CONDITIONS = DEBUG;
				SWIFT_OPTIMIZATION_LEVEL = "-Onone";
			};
			name = Debug;
		};
		1033B77C2B1A52950063EFA1 /* Release */ = {
			isa = XCBuildConfiguration;
			buildSettings = {
				ALWAYS_SEARCH_USER_PATHS = NO;
				CLANG_ANALYZER_NONNULL = YES;
				CLANG_ANALYZER_NUMBER_OBJECT_CONVERSION = YES_AGGRESSIVE;
				CLANG_CXX_LANGUAGE_STANDARD = "gnu++20";
				CLANG_ENABLE_MODULES = YES;
				CLANG_ENABLE_OBJC_ARC = YES;
				CLANG_ENABLE_OBJC_WEAK = YES;
				CLANG_WARN_BLOCK_CAPTURE_AUTORELEASING = YES;
				CLANG_WARN_BOOL_CONVERSION = YES;
				CLANG_WARN_COMMA = YES;
				CLANG_WARN_CONSTANT_CONVERSION = YES;
				CLANG_WARN_DEPRECATED_OBJC_IMPLEMENTATIONS = YES;
				CLANG_WARN_DIRECT_OBJC_ISA_USAGE = YES_ERROR;
				CLANG_WARN_DOCUMENTATION_COMMENTS = YES;
				CLANG_WARN_EMPTY_BODY = YES;
				CLANG_WARN_ENUM_CONVERSION = YES;
				CLANG_WARN_INFINITE_RECURSION = YES;
				CLANG_WARN_INT_CONVERSION = YES;
				CLANG_WARN_NON_LITERAL_NULL_CONVERSION = YES;
				CLANG_WARN_OBJC_IMPLICIT_RETAIN_SELF = YES;
				CLANG_WARN_OBJC_LITERAL_CONVERSION = YES;
				CLANG_WARN_OBJC_ROOT_CLASS = YES_ERROR;
				CLANG_WARN_QUOTED_INCLUDE_IN_FRAMEWORK_HEADER = YES;
				CLANG_WARN_RANGE_LOOP_ANALYSIS = YES;
				CLANG_WARN_STRICT_PROTOTYPES = YES;
				CLANG_WARN_SUSPICIOUS_MOVE = YES;
				CLANG_WARN_UNGUARDED_AVAILABILITY = YES_AGGRESSIVE;
				CLANG_WARN_UNREACHABLE_CODE = YES;
				CLANG_WARN__DUPLICATE_METHOD_MATCH = YES;
				COPY_PHASE_STRIP = NO;
				DEBUG_INFORMATION_FORMAT = "dwarf-with-dsym";
				ENABLE_NS_ASSERTIONS = NO;
				ENABLE_STRICT_OBJC_MSGSEND = YES;
				GCC_C_LANGUAGE_STANDARD = gnu11;
				GCC_NO_COMMON_BLOCKS = YES;
				GCC_WARN_64_TO_32_BIT_CONVERSION = YES;
				GCC_WARN_ABOUT_RETURN_TYPE = YES_ERROR;
				GCC_WARN_UNDECLARED_SELECTOR = YES;
				GCC_WARN_UNINITIALIZED_AUTOS = YES_AGGRESSIVE;
				GCC_WARN_UNUSED_FUNCTION = YES;
				GCC_WARN_UNUSED_VARIABLE = YES;
				IPHONEOS_DEPLOYMENT_TARGET = 16.2;
				MTL_ENABLE_DEBUG_INFO = NO;
				MTL_FAST_MATH = YES;
				SDKROOT = iphoneos;
				SWIFT_COMPILATION_MODE = wholemodule;
				SWIFT_OPTIMIZATION_LEVEL = "-O";
				VALIDATE_PRODUCT = YES;
			};
			name = Release;
		};
		1033B77E2B1A52950063EFA1 /* Debug */ = {
			isa = XCBuildConfiguration;
			buildSettings = {
				ASSETCATALOG_COMPILER_APPICON_NAME = AppIcon;
				ASSETCATALOG_COMPILER_GLOBAL_ACCENT_COLOR_NAME = AccentColor;
				CODE_SIGN_STYLE = Automatic;
				CURRENT_PROJECT_VERSION = 1;
				DEVELOPMENT_TEAM = KTV28US9SX;
				GENERATE_INFOPLIST_FILE = YES;
				INFOPLIST_FILE = "CoreDataRules/Supporting Files/Info.plist";
				INFOPLIST_KEY_UIApplicationSupportsIndirectInputEvents = YES;
				INFOPLIST_KEY_UILaunchStoryboardName = LaunchScreen;
				INFOPLIST_KEY_UIMainStoryboardFile = Main;
				INFOPLIST_KEY_UISupportedInterfaceOrientations_iPad = "UIInterfaceOrientationPortrait UIInterfaceOrientationPortraitUpsideDown UIInterfaceOrientationLandscapeLeft UIInterfaceOrientationLandscapeRight";
				INFOPLIST_KEY_UISupportedInterfaceOrientations_iPhone = "UIInterfaceOrientationPortrait UIInterfaceOrientationLandscapeLeft UIInterfaceOrientationLandscapeRight";
				LD_RUNPATH_SEARCH_PATHS = (
					"$(inherited)",
					"@executable_path/Frameworks",
				);
				MARKETING_VERSION = 1.0;
				PRODUCT_BUNDLE_IDENTIFIER = com.sapgv.CoreDataRules;
				PRODUCT_NAME = "$(TARGET_NAME)";
				SUPPORTED_PLATFORMS = "iphoneos iphonesimulator";
				SUPPORTS_MACCATALYST = NO;
				SUPPORTS_MAC_DESIGNED_FOR_IPHONE_IPAD = NO;
				SWIFT_EMIT_LOC_STRINGS = YES;
				SWIFT_VERSION = 5.0;
				TARGETED_DEVICE_FAMILY = 1;
			};
			name = Debug;
		};
		1033B77F2B1A52950063EFA1 /* Release */ = {
			isa = XCBuildConfiguration;
			buildSettings = {
				ASSETCATALOG_COMPILER_APPICON_NAME = AppIcon;
				ASSETCATALOG_COMPILER_GLOBAL_ACCENT_COLOR_NAME = AccentColor;
				CODE_SIGN_STYLE = Automatic;
				CURRENT_PROJECT_VERSION = 1;
				DEVELOPMENT_TEAM = KTV28US9SX;
				GENERATE_INFOPLIST_FILE = YES;
				INFOPLIST_FILE = "CoreDataRules/Supporting Files/Info.plist";
				INFOPLIST_KEY_UIApplicationSupportsIndirectInputEvents = YES;
				INFOPLIST_KEY_UILaunchStoryboardName = LaunchScreen;
				INFOPLIST_KEY_UIMainStoryboardFile = Main;
				INFOPLIST_KEY_UISupportedInterfaceOrientations_iPad = "UIInterfaceOrientationPortrait UIInterfaceOrientationPortraitUpsideDown UIInterfaceOrientationLandscapeLeft UIInterfaceOrientationLandscapeRight";
				INFOPLIST_KEY_UISupportedInterfaceOrientations_iPhone = "UIInterfaceOrientationPortrait UIInterfaceOrientationLandscapeLeft UIInterfaceOrientationLandscapeRight";
				LD_RUNPATH_SEARCH_PATHS = (
					"$(inherited)",
					"@executable_path/Frameworks",
				);
				MARKETING_VERSION = 1.0;
				PRODUCT_BUNDLE_IDENTIFIER = com.sapgv.CoreDataRules;
				PRODUCT_NAME = "$(TARGET_NAME)";
				SUPPORTED_PLATFORMS = "iphoneos iphonesimulator";
				SUPPORTS_MACCATALYST = NO;
				SUPPORTS_MAC_DESIGNED_FOR_IPHONE_IPAD = NO;
				SWIFT_EMIT_LOC_STRINGS = YES;
				SWIFT_VERSION = 5.0;
				TARGETED_DEVICE_FAMILY = 1;
			};
			name = Release;
		};
/* End XCBuildConfiguration section */

/* Begin XCConfigurationList section */
		1033B7642B1A52950063EFA1 /* Build configuration list for PBXProject "CoreDataRules" */ = {
			isa = XCConfigurationList;
			buildConfigurations = (
				1033B77B2B1A52950063EFA1 /* Debug */,
				1033B77C2B1A52950063EFA1 /* Release */,
			);
			defaultConfigurationIsVisible = 0;
			defaultConfigurationName = Release;
		};
		1033B77D2B1A52950063EFA1 /* Build configuration list for PBXNativeTarget "CoreDataRules" */ = {
			isa = XCConfigurationList;
			buildConfigurations = (
				1033B77E2B1A52950063EFA1 /* Debug */,
				1033B77F2B1A52950063EFA1 /* Release */,
			);
			defaultConfigurationIsVisible = 0;
			defaultConfigurationName = Release;
		};
/* End XCConfigurationList section */

/* Begin XCVersionGroup section */
		1033B78D2B1A53CA0063EFA1 /* Model.xcdatamodeld */ = {
			isa = XCVersionGroup;
			children = (
				1033B78E2B1A53CA0063EFA1 /* Model.xcdatamodel */,
			);
			currentVersion = 1033B78E2B1A53CA0063EFA1 /* Model.xcdatamodel */;
			path = Model.xcdatamodeld;
			sourceTree = "<group>";
			versionGroupType = wrapper.xcdatamodel;
		};
/* End XCVersionGroup section */
	};
	rootObject = 1033B7612B1A52950063EFA1 /* Project object */;
}
